# This file is autogenerated, do not edit; changes may be undone by the next 'dep ensure'.


[[projects]]
  digest = "1:4fb893537245e436c196950a3070a8deeabb28fac559c52ff2d64db95acf5f87"
  name = "github.com/thoas/go-funk"
  packages = ["."]
  pruneopts = "UT"
  revision = "310880620b0fe943c45bf032685df5fdf5f4c14e"
  version = "v0.5.0"

[solve-meta]
  analyzer-name = "dep"
  analyzer-version = 1
  input-imports = ["github.com/thoas/go-funk"]
  solver-name = "gps-cdcl"
  solver-version = 1
